
Microsoft Visual Studio Solution File, Format Version 12.00
# Visual Studio Version 16
VisualStudioVersion = 16.0.29102.190
MinimumVisualStudioVersion = 10.0.40219.1
Project("{FAE04EC0-301F-11D3-BF4B-00C04F79EFBC}") = "TestMVC", "TestMVC.csproj", "{7BD61026-DD7B-4BAF-A203-983B7140151C}"
EndProject
Global
	GlobalSection(SolutionConfigurationPlatforms) = preSolution
		Debug|Any CPU = Debug|Any CPU
		Release|Any CPU = Release|Any CPU
	EndGlobalSection
	GlobalSection(ProjectConfigurationPlatforms) = postSolution
		{7BD61026-DD7B-4BAF-A203-983B7140151C}.Debug|Any CPU.ActiveCfg = Debug|Any CPU
		{7BD61026-DD7B-4BAF-A203-983B7140151C}.Debug|Any CPU.Build.0 = Debug|Any CPU
		{7BD61026-DD7B-4BAF-A203-983B7140151C}.Release|Any CPU.ActiveCfg = Release|Any CPU
		{7BD61026-DD7B-4BAF-A203-983B7140151C}.Release|Any CPU.Build.0 = Release|Any CPU
	EndGlobalSection
	GlobalSection(SolutionProperties) = preSolution
		HideSolutionNode = FALSE
	EndGlobalSection
	GlobalSection(ExtensibilityGlobals) = postSolution
		SolutionGuid = {ABEE71BF-7878-440C-9E5D-6FE2D9EED949}
	EndGlobalSection
EndGlobal
